
Microsoft Visual Studio Solution File, Format Version 12.00
# Visual Studio 15
VisualStudioVersion = 15.0.27703.2000
MinimumVisualStudioVersion = 10.0.40219.1
Project("{8BC9CEB8-8B4A-11D0-8D11-00A0C91BC942}") = "Exercicios", "Exercicios\Exercicios.vcxproj", "{6BC02779-B2AC-44B4-94BF-4D628D440241}"
EndProject
Project("{8BC9CEB8-8B4A-11D0-8D11-00A0C91BC942}") = "Ex01", "Ex01\Ex01.vcxproj", "{21709123-81CE-45C2-9F33-EFFEF1A290BC}"
EndProject
Project("{8BC9CEB8-8B4A-11D0-8D11-00A0C91BC942}") = "Ex02", "Ex02\Ex02.vcxproj", "{E9ECC801-F6B3-46D8-BD56-D2993BD5891C}"
EndProject
Project("{8BC9CEB8-8B4A-11D0-8D11-00A0C91BC942}") = "Ex03", "Ex03\Ex03.vcxproj", "{4EBAD9B0-4D14-4554-9F10-38C3E28F8A11}"
EndProject
Project("{8BC9CEB8-8B4A-11D0-8D11-00A0C91BC942}") = "Ex04", "Ex04\Ex04.vcxproj", "{5043B843-BEEA-43CB-BDF1-AD33C8EEC5BD}"
EndProject
Project("{8BC9CEB8-8B4A-11D0-8D11-00A0C91BC942}") = "Ex05", "Ex05\Ex05.vcxproj", "{EE062478-34C2-44CC-A38B-36A04132CD12}"
EndProject
Project("{8BC9CEB8-8B4A-11D0-8D11-00A0C91BC942}") = "Ex06", "Ex06\Ex06.vcxproj", "{20304ECC-1057-4E84-B56A-E20AA0F98E68}"
EndProject
Project("{8BC9CEB8-8B4A-11D0-8D11-00A0C91BC942}") = "Ex07", "Ex07\Ex07.vcxproj", "{5242AC58-1FEA-49B2-8774-A294D9B3C436}"
EndProject
Project("{8BC9CEB8-8B4A-11D0-8D11-00A0C91BC942}") = "Ex08", "Ex08\Ex08.vcxproj", "{10925EB6-3A75-428F-8A77-A3BCD69A30C0}"
EndProject
Project("{8BC9CEB8-8B4A-11D0-8D11-00A0C91BC942}") = "Ex09", "Ex09\Ex09.vcxproj", "{F59FCFB8-0CF2-46F5-B3BE-F0D2B58A92F5}"
EndProject
Project("{8BC9CEB8-8B4A-11D0-8D11-00A0C91BC942}") = "Ex10", "Ex10\Ex10.vcxproj", "{7722CFA1-E969-4265-92D2-8C2DAE954306}"
EndProject
Project("{8BC9CEB8-8B4A-11D0-8D11-00A0C91BC942}") = "Ex11", "Ex11\Ex11.vcxproj", "{2E0CD7C1-ECBC-40F9-BCF1-99A993EDED10}"
EndProject
Global
	GlobalSection(SolutionConfigurationPlatforms) = preSolution
		Debug|x64 = Debug|x64
		Debug|x86 = Debug|x86
		Release|x64 = Release|x64
		Release|x86 = Release|x86
	EndGlobalSection
	GlobalSection(ProjectConfigurationPlatforms) = postSolution
		{6BC02779-B2AC-44B4-94BF-4D628D440241}.Debug|x64.ActiveCfg = Debug|x64
		{6BC02779-B2AC-44B4-94BF-4D628D440241}.Debug|x64.Build.0 = Debug|x64
		{6BC02779-B2AC-44B4-94BF-4D628D440241}.Debug|x86.ActiveCfg = Debug|Win32
		{6BC02779-B2AC-44B4-94BF-4D628D440241}.Debug|x86.Build.0 = Debug|Win32
		{6BC02779-B2AC-44B4-94BF-4D628D440241}.Release|x64.ActiveCfg = Release|x64
		{6BC02779-B2AC-44B4-94BF-4D628D440241}.Release|x64.Build.0 = Release|x64
		{6BC02779-B2AC-44B4-94BF-4D628D440241}.Release|x86.ActiveCfg = Release|Win32
		{6BC02779-B2AC-44B4-94BF-4D628D440241}.Release|x86.Build.0 = Release|Win32
		{21709123-81CE-45C2-9F33-EFFEF1A290BC}.Debug|x64.ActiveCfg = Debug|x64
		{21709123-81CE-45C2-9F33-EFFEF1A290BC}.Debug|x64.Build.0 = Debug|x64
		{21709123-81CE-45C2-9F33-EFFEF1A290BC}.Debug|x86.ActiveCfg = Debug|Win32
		{21709123-81CE-45C2-9F33-EFFEF1A290BC}.Debug|x86.Build.0 = Debug|Win32
		{21709123-81CE-45C2-9F33-EFFEF1A290BC}.Release|x64.ActiveCfg = Release|x64
		{21709123-81CE-45C2-9F33-EFFEF1A290BC}.Release|x64.Build.0 = Release|x64
		{21709123-81CE-45C2-9F33-EFFEF1A290BC}.Release|x86.ActiveCfg = Release|Win32
		{21709123-81CE-45C2-9F33-EFFEF1A290BC}.Release|x86.Build.0 = Release|Win32
		{E9ECC801-F6B3-46D8-BD56-D2993BD5891C}.Debug|x64.ActiveCfg = Debug|x64
		{E9ECC801-F6B3-46D8-BD56-D2993BD5891C}.Debug|x64.Build.0 = Debug|x64
		{E9ECC801-F6B3-46D8-BD56-D2993BD5891C}.Debug|x86.ActiveCfg = Debug|Win32
		{E9ECC801-F6B3-46D8-BD56-D2993BD5891C}.Debug|x86.Build.0 = Debug|Win32
		{E9ECC801-F6B3-46D8-BD56-D2993BD5891C}.Release|x64.ActiveCfg = Release|x64
		{E9ECC801-F6B3-46D8-BD56-D2993BD5891C}.Release|x64.Build.0 = Release|x64
		{E9ECC801-F6B3-46D8-BD56-D2993BD5891C}.Release|x86.ActiveCfg = Release|Win32
		{E9ECC801-F6B3-46D8-BD56-D2993BD5891C}.Release|x86.Build.0 = Release|Win32
		{4EBAD9B0-4D14-4554-9F10-38C3E28F8A11}.Debug|x64.ActiveCfg = Debug|x64
		{4EBAD9B0-4D14-4554-9F10-38C3E28F8A11}.Debug|x64.Build.0 = Debug|x64
		{4EBAD9B0-4D14-4554-9F10-38C3E28F8A11}.Debug|x86.ActiveCfg = Debug|Win32
		{4EBAD9B0-4D14-4554-9F10-38C3E28F8A11}.Debug|x86.Build.0 = Debug|Win32
		{4EBAD9B0-4D14-4554-9F10-38C3E28F8A11}.Release|x64.ActiveCfg = Release|x64
		{4EBAD9B0-4D14-4554-9F10-38C3E28F8A11}.Release|x64.Build.0 = Release|x64
		{4EBAD9B0-4D14-4554-9F10-38C3E28F8A11}.Release|x86.ActiveCfg = Release|Win32
		{4EBAD9B0-4D14-4554-9F10-38C3E28F8A11}.Release|x86.Build.0 = Release|Win32
		{5043B843-BEEA-43CB-BDF1-AD33C8EEC5BD}.Debug|x64.ActiveCfg = Debug|x64
		{5043B843-BEEA-43CB-BDF1-AD33C8EEC5BD}.Debug|x64.Build.0 = Debug|x64
		{5043B843-BEEA-43CB-BDF1-AD33C8EEC5BD}.Debug|x86.ActiveCfg = Debug|Win32
		{5043B843-BEEA-43CB-BDF1-AD33C8EEC5BD}.Debug|x86.Build.0 = Debug|Win32
		{5043B843-BEEA-43CB-BDF1-AD33C8EEC5BD}.Release|x64.ActiveCfg = Release|x64
		{5043B843-BEEA-43CB-BDF1-AD33C8EEC5BD}.Release|x64.Build.0 = Release|x64
		{5043B843-BEEA-43CB-BDF1-AD33C8EEC5BD}.Release|x86.ActiveCfg = Release|Win32
		{5043B843-BEEA-43CB-BDF1-AD33C8EEC5BD}.Release|x86.Build.0 = Release|Win32
		{EE062478-34C2-44CC-A38B-36A04132CD12}.Debug|x64.ActiveCfg = Debug|x64
		{EE062478-34C2-44CC-A38B-36A04132CD12}.Debug|x64.Build.0 = Debug|x64
		{EE062478-34C2-44CC-A38B-36A04132CD12}.Debug|x86.ActiveCfg = Debug|Win32
		{EE062478-34C2-44CC-A38B-36A04132CD12}.Debug|x86.Build.0 = Debug|Win32
		{EE062478-34C2-44CC-A38B-36A04132CD12}.Release|x64.ActiveCfg = Release|x64
		{EE062478-34C2-44CC-A38B-36A04132CD12}.Release|x64.Build.0 = Release|x64
		{EE062478-34C2-44CC-A38B-36A04132CD12}.Release|x86.ActiveCfg = Release|Win32
		{EE062478-34C2-44CC-A38B-36A04132CD12}.Release|x86.Build.0 = Release|Win32
		{20304ECC-1057-4E84-B56A-E20AA0F98E68}.Debug|x64.ActiveCfg = Debug|x64
		{20304ECC-1057-4E84-B56A-E20AA0F98E68}.Debug|x64.Build.0 = Debug|x64
		{20304ECC-1057-4E84-B56A-E20AA0F98E68}.Debug|x86.ActiveCfg = Debug|Win32
		{20304ECC-1057-4E84-B56A-E20AA0F98E68}.Debug|x86.Build.0 = Debug|Win32
		{20304ECC-1057-4E84-B56A-E20AA0F98E68}.Release|x64.ActiveCfg = Release|x64
		{20304ECC-1057-4E84-B56A-E20AA0F98E68}.Release|x64.Build.0 = Release|x64
		{20304ECC-1057-4E84-B56A-E20AA0F98E68}.Release|x86.ActiveCfg = Release|Win32
		{20304ECC-1057-4E84-B56A-E20AA0F98E68}.Release|x86.Build.0 = Release|Win32
		{5242AC58-1FEA-49B2-8774-A294D9B3C436}.Debug|x64.ActiveCfg = Debug|x64
		{5242AC58-1FEA-49B2-8774-A294D9B3C436}.Debug|x64.Build.0 = Debug|x64
		{5242AC58-1FEA-49B2-8774-A294D9B3C436}.Debug|x86.ActiveCfg = Debug|Win32
		{5242AC58-1FEA-49B2-8774-A294D9B3C436}.Debug|x86.Build.0 = Debug|Win32
		{5242AC58-1FEA-49B2-8774-A294D9B3C436}.Release|x64.ActiveCfg = Release|x64
		{5242AC58-1FEA-49B2-8774-A294D9B3C436}.Release|x64.Build.0 = Release|x64
		{5242AC58-1FEA-49B2-8774-A294D9B3C436}.Release|x86.ActiveCfg = Release|Win32
		{5242AC58-1FEA-49B2-8774-A294D9B3C436}.Release|x86.Build.0 = Release|Win32
		{10925EB6-3A75-428F-8A77-A3BCD69A30C0}.Debug|x64.ActiveCfg = Debug|x64
		{10925EB6-3A75-428F-8A77-A3BCD69A30C0}.Debug|x64.Build.0 = Debug|x64
		{10925EB6-3A75-428F-8A77-A3BCD69A30C0}.Debug|x86.ActiveCfg = Debug|Win32
		{10925EB6-3A75-428F-8A77-A3BCD69A30C0}.Debug|x86.Build.0 = Debug|Win32
		{10925EB6-3A75-428F-8A77-A3BCD69A30C0}.Release|x64.ActiveCfg = Release|x64
		{10925EB6-3A75-428F-8A77-A3BCD69A30C0}.Release|x64.Build.0 = Release|x64
		{10925EB6-3A75-428F-8A77-A3BCD69A30C0}.Release|x86.ActiveCfg = Release|Win32
		{10925EB6-3A75-428F-8A77-A3BCD69A30C0}.Release|x86.Build.0 = Release|Win32
		{F59FCFB8-0CF2-46F5-B3BE-F0D2B58A92F5}.Debug|x64.ActiveCfg = Debug|x64
		{F59FCFB8-0CF2-46F5-B3BE-F0D2B58A92F5}.Debug|x64.Build.0 = Debug|x64
		{F59FCFB8-0CF2-46F5-B3BE-F0D2B58A92F5}.Debug|x86.ActiveCfg = Debug|Win32
		{F59FCFB8-0CF2-46F5-B3BE-F0D2B58A92F5}.Debug|x86.Build.0 = Debug|Win32
		{F59FCFB8-0CF2-46F5-B3BE-F0D2B58A92F5}.Release|x64.ActiveCfg = Release|x64
		{F59FCFB8-0CF2-46F5-B3BE-F0D2B58A92F5}.Release|x64.Build.0 = Release|x64
		{F59FCFB8-0CF2-46F5-B3BE-F0D2B58A92F5}.Release|x86.ActiveCfg = Release|Win32
		{F59FCFB8-0CF2-46F5-B3BE-F0D2B58A92F5}.Release|x86.Build.0 = Release|Win32
		{7722CFA1-E969-4265-92D2-8C2DAE954306}.Debug|x64.ActiveCfg = Debug|x64
		{7722CFA1-E969-4265-92D2-8C2DAE954306}.Debug|x64.Build.0 = Debug|x64
		{7722CFA1-E969-4265-92D2-8C2DAE954306}.Debug|x86.ActiveCfg = Debug|Win32
		{7722CFA1-E969-4265-92D2-8C2DAE954306}.Debug|x86.Build.0 = Debug|Win32
		{7722CFA1-E969-4265-92D2-8C2DAE954306}.Release|x64.ActiveCfg = Release|x64
		{7722CFA1-E969-4265-92D2-8C2DAE954306}.Release|x64.Build.0 = Release|x64
		{7722CFA1-E969-4265-92D2-8C2DAE954306}.Release|x86.ActiveCfg = Release|Win32
		{7722CFA1-E969-4265-92D2-8C2DAE954306}.Release|x86.Build.0 = Release|Win32
		{2E0CD7C1-ECBC-40F9-BCF1-99A993EDED10}.Debug|x64.ActiveCfg = Debug|x64
		{2E0CD7C1-ECBC-40F9-BCF1-99A993EDED10}.Debug|x64.Build.0 = Debug|x64
		{2E0CD7C1-ECBC-40F9-BCF1-99A993EDED10}.Debug|x86.ActiveCfg = Debug|Win32
		{2E0CD7C1-ECBC-40F9-BCF1-99A993EDED10}.Debug|x86.Build.0 = Debug|Win32
		{2E0CD7C1-ECBC-40F9-BCF1-99A993EDED10}.Release|x64.ActiveCfg = Release|x64
		{2E0CD7C1-ECBC-40F9-BCF1-99A993EDED10}.Release|x64.Build.0 = Release|x64
		{2E0CD7C1-ECBC-40F9-BCF1-99A993EDED10}.Release|x86.ActiveCfg = Release|Win32
		{2E0CD7C1-ECBC-40F9-BCF1-99A993EDED10}.Release|x86.Build.0 = Release|Win32
	EndGlobalSection
	GlobalSection(SolutionProperties) = preSolution
		HideSolutionNode = FALSE
	EndGlobalSection
	GlobalSection(ExtensibilityGlobals) = postSolution
		SolutionGuid = {23662071-A00C-4E03-B383-4CD1F205CA55}
	EndGlobalSection
EndGlobal
