
Microsoft Visual Studio Solution File, Format Version 12.00
# Visual Studio 15
VisualStudioVersion = 15.0.27703.2000
MinimumVisualStudioVersion = 10.0.40219.1
Project("{8BC9CEB8-8B4A-11D0-8D11-00A0C91BC942}") = "Exercicios", "Exercicios\Exercicios.vcxproj", "{6BC02779-B2AC-44B4-94BF-4D628D440241}"
EndProject
Project("{8BC9CEB8-8B4A-11D0-8D11-00A0C91BC942}") = "Ex01", "Ex01\Ex01.vcxproj", "{21709123-81CE-45C2-9F33-EFFEF1A290BC}"
EndProject
Project("{8BC9CEB8-8B4A-11D0-8D11-00A0C91BC942}") = "Ex02", "Ex02\Ex02.vcxproj", "{E9ECC801-F6B3-46D8-BD56-D2993BD5891C}"
EndProject
Project("{8BC9CEB8-8B4A-11D0-8D11-00A0C91BC942}") = "Ex04", "Ex04\Ex04.vcxproj", "{5043B843-BEEA-43CB-BDF1-AD33C8EEC5BD}"
EndProject
Global
	GlobalSection(SolutionConfigurationPlatforms) = preSolution
		Debug|x64 = Debug|x64
		Debug|x86 = Debug|x86
		Release|x64 = Release|x64
		Release|x86 = Release|x86
	EndGlobalSection
	GlobalSection(ProjectConfigurationPlatforms) = postSolution
		{6BC02779-B2AC-44B4-94BF-4D628D440241}.Debug|x64.ActiveCfg = Debug|x64
		{6BC02779-B2AC-44B4-94BF-4D628D440241}.Debug|x64.Build.0 = Debug|x64
		{6BC02779-B2AC-44B4-94BF-4D628D440241}.Debug|x86.ActiveCfg = Debug|Win32
		{6BC02779-B2AC-44B4-94BF-4D628D440241}.Debug|x86.Build.0 = Debug|Win32
		{6BC02779-B2AC-44B4-94BF-4D628D440241}.Release|x64.ActiveCfg = Release|x64
		{6BC02779-B2AC-44B4-94BF-4D628D440241}.Release|x64.Build.0 = Release|x64
		{6BC02779-B2AC-44B4-94BF-4D628D440241}.Release|x86.ActiveCfg = Release|Win32
		{6BC02779-B2AC-44B4-94BF-4D628D440241}.Release|x86.Build.0 = Release|Win32
		{21709123-81CE-45C2-9F33-EFFEF1A290BC}.Debug|x64.ActiveCfg = Debug|x64
		{21709123-81CE-45C2-9F33-EFFEF1A290BC}.Debug|x64.Build.0 = Debug|x64
		{21709123-81CE-45C2-9F33-EFFEF1A290BC}.Debug|x86.ActiveCfg = Debug|Win32
		{21709123-81CE-45C2-9F33-EFFEF1A290BC}.Debug|x86.Build.0 = Debug|Win32
		{21709123-81CE-45C2-9F33-EFFEF1A290BC}.Release|x64.ActiveCfg = Release|x64
		{21709123-81CE-45C2-9F33-EFFEF1A290BC}.Release|x64.Build.0 = Release|x64
		{21709123-81CE-45C2-9F33-EFFEF1A290BC}.Release|x86.ActiveCfg = Release|Win32
		{21709123-81CE-45C2-9F33-EFFEF1A290BC}.Release|x86.Build.0 = Release|Win32
		{E9ECC801-F6B3-46D8-BD56-D2993BD5891C}.Debug|x64.ActiveCfg = Debug|x64
		{E9ECC801-F6B3-46D8-BD56-D2993BD5891C}.Debug|x64.Build.0 = Debug|x64
		{E9ECC801-F6B3-46D8-BD56-D2993BD5891C}.Debug|x86.ActiveCfg = Debug|Win32
		{E9ECC801-F6B3-46D8-BD56-D2993BD5891C}.Debug|x86.Build.0 = Debug|Win32
		{E9ECC801-F6B3-46D8-BD56-D2993BD5891C}.Release|x64.ActiveCfg = Release|x64
		{E9ECC801-F6B3-46D8-BD56-D2993BD5891C}.Release|x64.Build.0 = Release|x64
		{E9ECC801-F6B3-46D8-BD56-D2993BD5891C}.Release|x86.ActiveCfg = Release|Win32
		{E9ECC801-F6B3-46D8-BD56-D2993BD5891C}.Release|x86.Build.0 = Release|Win32
		{5043B843-BEEA-43CB-BDF1-AD33C8EEC5BD}.Debug|x64.ActiveCfg = Debug|x64
		{5043B843-BEEA-43CB-BDF1-AD33C8EEC5BD}.Debug|x64.Build.0 = Debug|x64
		{5043B843-BEEA-43CB-BDF1-AD33C8EEC5BD}.Debug|x86.ActiveCfg = Debug|Win32
		{5043B843-BEEA-43CB-BDF1-AD33C8EEC5BD}.Debug|x86.Build.0 = Debug|Win32
		{5043B843-BEEA-43CB-BDF1-AD33C8EEC5BD}.Release|x64.ActiveCfg = Release|x64
		{5043B843-BEEA-43CB-BDF1-AD33C8EEC5BD}.Release|x64.Build.0 = Release|x64
		{5043B843-BEEA-43CB-BDF1-AD33C8EEC5BD}.Release|x86.ActiveCfg = Release|Win32
		{5043B843-BEEA-43CB-BDF1-AD33C8EEC5BD}.Release|x86.Build.0 = Release|Win32
	EndGlobalSection
	GlobalSection(SolutionProperties) = preSolution
		HideSolutionNode = FALSE
	EndGlobalSection
	GlobalSection(ExtensibilityGlobals) = postSolution
		SolutionGuid = {23662071-A00C-4E03-B383-4CD1F205CA55}
	EndGlobalSection
EndGlobal
